{
  "nodes": {
    "devenv": {
      "locked": {
        "dir": "src/modules",
        "lastModified": 1791388908,
        "narHash": "sha256-eqnGuVYIh6u8XU6UXueceaCi3UfSqbvopeuLYgClEDY=",
        "owner": "cachix",
        "repo": "devenv",
        "rev": "27af3b2029a6d1274db8a570fb57292dae5a2551",
        "type": "github"
      },
      "original": {
        "dir": "src/modules",
        "owner": "cachix",
        "repo": "devenv",
        "type": "github"
      }
    },
    "nixpkgs": {
      "locked": {
        "lastModified": 1791260994,
        "narHash": "sha256-Miqqk/ammqnTUxaoCyvtwoPeLbI1ksFyLxi/CazZpWY=",
        "owner": "NixOS",
        "repo": "nixpkgs",
        "rev": "151fa4e8ddfdd8dd25d945ad94ed54a13de9f6e4",
        "type": "github"
      },
      "original": {
        "owner": "NixOS",
        "ref": "nixos-unstable",
        "repo": "nixpkgs",
        "type": "github"
      }
    },
    "root": {
      "inputs": {
        "devenv": "devenv",
        "nixpkgs": "nixpkgs",
        "rust-overlay": "rust-overlay"
      }
    },
    "rust-overlay": {
      "inputs": {
        "nixpkgs": [
          "nixpkgs"
        ]
      },
      "locked": {
        "lastModified": 1791361643,
        "narHash": "sha256-HMdfSb1ONHs1RbSkQtCXm+tWEsTikisWWtXDnv0aQ+I=",
        "owner": "oxalica",
        "repo": "rust-overlay",
        "rev": "8afee9fa8caa877a4feb65adc33e8d72f3747dc9",
        "type": "github"
      },
      "original": {
        "owner": "oxalica",
        "repo": "rust-overlay",
        "type": "github"
      }
    }
  },
  "root": "root",
  "version": 7
}