{
  "nodes": {
    "devenv": {
      "locked": {
        "dir": "src/modules",
        "lastModified": 1778705971,
        "narHash": "sha256-n0LjnKBAjJ5/mgNzOCeVvAeHUrNMUZ3fBQx/UDCkHtQ=",
        "owner": "cachix",
        "repo": "devenv",
        "rev": "64d4353a3628c4138c84d8ba10987da2ba27fddd",
        "type": "github"
      },
      "original": {
        "dir": "src/modules",
        "owner": "cachix",
        "repo": "devenv",
        "type": "github"
      }
    },
    "nixpkgs": {
      "locked": {
        "lastModified": 1778443072,
        "narHash": "sha256-zi7/fsqM/kFdNuED//4WOCUtezGtKKqRNORjMvfwjnA=",
        "owner": "NixOS",
        "repo": "nixpkgs",
        "rev": "da5ad661ba4e5ef59ba743f0d112cbc30e474f32",
        "type": "github"
      },
      "original": {
        "owner": "NixOS",
        "ref": "nixos-unstable",
        "repo": "nixpkgs",
        "type": "github"
      }
    },
    "root": {
      "inputs": {
        "devenv": "devenv",
        "nixpkgs": "nixpkgs",
        "rust-overlay": "rust-overlay"
      }
    },
    "rust-overlay": {
      "inputs": {
        "nixpkgs": [
          "nixpkgs"
        ]
      },
      "locked": {
        "lastModified": 1778728594,
        "narHash": "sha256-+gIOsOzqWNfn+ThCXBQGcLHVEnaGQW59XjghE9JUIYk=",
        "owner": "oxalica",
        "repo": "rust-overlay",
        "rev": "83a17ebffcfacb17b49e1b5e9dc15eed07936648",
        "type": "github"
      },
      "original": {
        "owner": "oxalica",
        "repo": "rust-overlay",
        "type": "github"
      }
    }
  },
  "root": "root",
  "version": 7
}